{
  "current_commit": "3e82c673b34b18c6d35991b13bdd50c0f8884022",
  "working_tree_has_uncommitted_changes": true,
  "generated_at": "2026-08-05T10:52:18Z",
  "scanned_scope": [
    "src/app",
    "src/components",
    "src/data",
    "src/lib",
    "src/config",
    "src/hooks",
    "src/types",
    "src/proxy.ts",
    "worker",
    "supabase",
    "scripts",
    "public",
    "platform configuration files"
  ],
  "excluded_directories": [
    ".git",
    ".next",
    "node_modules",
    "dist",
    "build",
    "coverage",
    ".cache",
    ".playwright-cli",
    "supabase/.temp",
    "docs/codemap"
  ],
  "fingerprint_algorithm": {
    "name": "sha256-tracked-paths-and-current-contents-v1",
    "description": "For each logical top-level module, sort git ls-files paths bytewise; hash each current file as SHA-256, or use MISSING when a tracked path is deleted; concatenate path + NUL + content hash + LF; SHA-256 the concatenation. Untracked files are represented only by the working-tree dirty flag.",
    "path_order": "bytewise ascending",
    "content_source": "current working tree",
    "missing_tracked_file_marker": "MISSING"
  },
  "modules": {
    "web-routes": {
      "paths": [
        "src/app/**"
      ],
      "tracked_file_count": 52,
      "fingerprint": "c35729b1c3f9064aad045dfbfa86dfe31a59036076322ad4b61a873b5f7dd3c5"
    },
    "ui-components": {
      "paths": [
        "src/components/**"
      ],
      "tracked_file_count": 59,
      "fingerprint": "6f3ed06acb81558337310a66d35ab998db0036d1320550161a006e635fd924c3"
    },
    "data-access": {
      "paths": [
        "src/data/**"
      ],
      "tracked_file_count": 4,
      "fingerprint": "dd8280951e831f5b9874894f88f9585d1424780c6adafd6a9b8b72be4053ee2e"
    },
    "app-services": {
      "paths": [
        "src/lib/**",
        "src/config/**",
        "src/hooks/**",
        "src/types/**",
        "src/proxy.ts"
      ],
      "tracked_file_count": 24,
      "fingerprint": "69258d42a4de84848e875ad3c695e22625f65353b468d31cfdd4a015476bc323"
    },
    "worker": {
      "paths": [
        "worker/**"
      ],
      "tracked_file_count": 11,
      "fingerprint": "9aebc8a9d8c8ac125e7c01cf10d34fd48c9304d607dedad736d7dbeecf6bc7ab"
    },
    "database": {
      "paths": [
        "supabase/**"
      ],
      "tracked_file_count": 41,
      "fingerprint": "10ad6b7091d356a08d30990ff71e84c61b0ccde644f1628e6cb76e0ecd29a527"
    },
    "asset-pipeline": {
      "paths": [
        "scripts/**",
        "public/**"
      ],
      "tracked_file_count": 498,
      "fingerprint": "91d336d8eea242bad9babc296d7f772cb264ec371c74a9d3b4de44d5c5a65ef2"
    },
    "platform-config": {
      "paths": [
        ".env.example",
        "Dockerfile",
        "docker-compose.yml",
        "eslint.config.mjs",
        "next.config.ts",
        "package.json",
        "pnpm-lock.yaml",
        "postcss.config.mjs",
        "tsconfig.json",
        "components.json"
      ],
      "tracked_file_count": 10,
      "fingerprint": "dcd6d37301f5b6346a4e94df5d6967ffcb2b947749447845d0f5ee0e9ae17c55"
    }
  }
}
